// !$*UTF8*$!
{
	archiveVersion = 1;
	classes = {
	};
	objectVersion = 55;
	objects = {

/* Begin PBXBuildFile section */
		F656527927C81D7600160206 /* AppDelegate.swift in Sources */ = {isa = PBXBuildFile; fileRef = F656527827C81D7600160206 /* AppDelegate.swift */; };
		F656527B27C81D7600160206 /* SceneDelegate.swift in Sources */ = {isa = PBXBuildFile; fileRef = F656527A27C81D7600160206 /* SceneDelegate.swift */; };
		F656527D27C81D7600160206 /* ViewController.swift in Sources */ = {isa = PBXBuildFile; fileRef = F656527C27C81D7600160206 /* ViewController.swift */; };
		F656528027C81D7600160206 /* Main.storyboard in Resources */ = {isa = PBXBuildFile; fileRef = F656527E27C81D7600160206 /* Main.storyboard */; };
		F656528227C81D7900160206 /* Assets.xcassets in Resources */ = {isa = PBXBuildFile; fileRef = F656528127C81D7900160206 /* Assets.xcassets */; };
		F656528527C81D7900160206 /* LaunchScreen.storyboard in Resources */ = {isa = PBXBuildFile; fileRef = F656528327C81D7900160206 /* LaunchScreen.storyboard */; };
		F656529527C8269100160206 /* MainViewModel.swift in Sources */ = {isa = PBXBuildFile; fileRef = F656529427C8269100160206 /* MainViewModel.swift */; };
		F6C9738427C98EF30018F756 /* NetworkManager.swift in Sources */ = {isa = PBXBuildFile; fileRef = F6C9738327C98EF30018F756 /* NetworkManager.swift */; };
		F6C9738727C98FFA0018F756 /* Post.swift in Sources */ = {isa = PBXBuildFile; fileRef = F6C9738627C98FFA0018F756 /* Post.swift */; };
		F6C9738927C995540018F756 /* Repository.swift in Sources */ = {isa = PBXBuildFile; fileRef = F6C9738827C995540018F756 /* Repository.swift */; };
/* End PBXBuildFile section */

/* Begin PBXFileReference section */
		F656527527C81D7600160206 /* Combine Tutorial.app */ = {isa = PBXFileReference; explicitFileType = wrapper.application; includeInIndex = 0; path = "Combine Tutorial.app"; sourceTree = BUILT_PRODUCTS_DIR; };
		F656527827C81D7600160206 /* AppDelegate.swift */ = {isa = PBXFileReference; lastKnownFileType = sourcecode.swift; path = AppDelegate.swift; sourceTree = "<group>"; };
		F656527A27C81D7600160206 /* SceneDelegate.swift */ = {isa = PBXFileReference; lastKnownFileType = sourcecode.swift; path = SceneDelegate.swift; sourceTree = "<group>"; };
		F656527C27C81D7600160206 /* ViewController.swift */ = {isa = PBXFileReference; lastKnownFileType = sourcecode.swift; path = ViewController.swift; sourceTree = "<group>"; };
		F656527F27C81D7600160206 /* Base */ = {isa = PBXFileReference; lastKnownFileType = file.storyboard; name = Base; path = Base.lproj/Main.storyboard; sourceTree = "<group>"; };
		F656528127C81D7900160206 /* Assets.xcassets */ = {isa = PBXFileReference; lastKnownFileType = folder.assetcatalog; path = Assets.xcassets; sourceTree = "<group>"; };
		F656528427C81D7900160206 /* Base */ = {isa = PBXFileReference; lastKnownFileType = file.storyboard; name = Base; path = Base.lproj/LaunchScreen.storyboard; sourceTree = "<group>"; };
		F656528627C81D7900160206 /* Info.plist */ = {isa = PBXFileReference; lastKnownFileType = text.plist.xml; path = Info.plist; sourceTree = "<group>"; };
		F656529427C8269100160206 /* MainViewModel.swift */ = {isa = PBXFileReference; lastKnownFileType = sourcecode.swift; path = MainViewModel.swift; sourceTree = "<group>"; };
		F6C9738327C98EF30018F756 /* NetworkManager.swift */ = {isa = PBXFileReference; lastKnownFileType = sourcecode.swift; path = NetworkManager.swift; sourceTree = "<group>"; };
		F6C9738627C98FFA0018F756 /* Post.swift */ = {isa = PBXFileReference; lastKnownFileType = sourcecode.swift; path = Post.swift; sourceTree = "<group>"; };
		F6C9738827C995540018F756 /* Repository.swift */ = {isa = PBXFileReference; lastKnownFileType = sourcecode.swift; path = Repository.swift; sourceTree = "<group>"; };
/* End PBXFileReference section */

/* Begin PBXFrameworksBuildPhase section */
		F656527227C81D7600160206 /* Frameworks */ = {
			isa = PBXFrameworksBuildPhase;
			buildActionMask = 2147483647;
			files = (
			);
			runOnlyForDeploymentPostprocessing = 0;
		};
/* End PBXFrameworksBuildPhase section */

/* Begin PBXGroup section */
		F656526C27C81D7600160206 = {
			isa = PBXGroup;
			children = (
				F656527727C81D7600160206 /* Combine Tutorial */,
				F656527627C81D7600160206 /* Products */,
			);
			sourceTree = "<group>";
		};
		F656527627C81D7600160206 /* Products */ = {
			isa = PBXGroup;
			children = (
				F656527527C81D7600160206 /* Combine Tutorial.app */,
			);
			name = Products;
			sourceTree = "<group>";
		};
		F656527727C81D7600160206 /* Combine Tutorial */ = {
			isa = PBXGroup;
			children = (
				F656528C27C8261400160206 /* Supporting Files */,
				F656528D27C8262300160206 /* Resources */,
				F6C9738227C98EDE0018F756 /* Networking */,
				F656528E27C8263100160206 /* App Modules */,
				F656528627C81D7900160206 /* Info.plist */,
			);
			path = "Combine Tutorial";
			sourceTree = "<group>";
		};
		F656528C27C8261400160206 /* Supporting Files */ = {
			isa = PBXGroup;
			children = (
				F656527827C81D7600160206 /* AppDelegate.swift */,
				F656527A27C81D7600160206 /* SceneDelegate.swift */,
				F656528327C81D7900160206 /* LaunchScreen.storyboard */,
			);
			path = "Supporting Files";
			sourceTree = "<group>";
		};
		F656528D27C8262300160206 /* Resources */ = {
			isa = PBXGroup;
			children = (
				F656528127C81D7900160206 /* Assets.xcassets */,
			);
			path = Resources;
			sourceTree = "<group>";
		};
		F656528E27C8263100160206 /* App Modules */ = {
			isa = PBXGroup;
			children = (
				F656528F27C8263E00160206 /* Main Module */,
			);
			path = "App Modules";
			sourceTree = "<group>";
		};
		F656528F27C8263E00160206 /* Main Module */ = {
			isa = PBXGroup;
			children = (
				F6C9738527C98FF00018F756 /* Models */,
				F656529227C8266C00160206 /* View Controllers */,
				F656529127C8265100160206 /* View Models */,
				F656529027C8264B00160206 /* View */,
			);
			path = "Main Module";
			sourceTree = "<group>";
		};
		F656529027C8264B00160206 /* View */ = {
			isa = PBXGroup;
			children = (
				F656529327C8267A00160206 /* StoryBoards */,
			);
			path = View;
			sourceTree = "<group>";
		};
		F656529127C8265100160206 /* View Models */ = {
			isa = PBXGroup;
			children = (
				F656529427C8269100160206 /* MainViewModel.swift */,
			);
			path = "View Models";
			sourceTree = "<group>";
		};
		F656529227C8266C00160206 /* View Controllers */ = {
			isa = PBXGroup;
			children = (
				F656527C27C81D7600160206 /* ViewController.swift */,
			);
			path = "View Controllers";
			sourceTree = "<group>";
		};
		F656529327C8267A00160206 /* StoryBoards */ = {
			isa = PBXGroup;
			children = (
				F656527E27C81D7600160206 /* Main.storyboard */,
			);
			path = StoryBoards;
			sourceTree = "<group>";
		};
		F6C9738227C98EDE0018F756 /* Networking */ = {
			isa = PBXGroup;
			children = (
				F6C9738327C98EF30018F756 /* NetworkManager.swift */,
			);
			path = Networking;
			sourceTree = "<group>";
		};
		F6C9738527C98FF00018F756 /* Models */ = {
			isa = PBXGroup;
			children = (
				F6C9738627C98FFA0018F756 /* Post.swift */,
				F6C9738827C995540018F756 /* Repository.swift */,
			);
			path = Models;
			sourceTree = "<group>";
		};
/* End PBXGroup section */

/* Begin PBXNativeTarget section */
		F656527427C81D7600160206 /* Combine Tutorial */ = {
			isa = PBXNativeTarget;
			buildConfigurationList = F656528927C81D7900160206 /* Build configuration list for PBXNativeTarget "Combine Tutorial" */;
			buildPhases = (
				F656527127C81D7600160206 /* Sources */,
				F656527227C81D7600160206 /* Frameworks */,
				F656527327C81D7600160206 /* Resources */,
			);
			buildRules = (
			);
			dependencies = (
			);
			name = "Combine Tutorial";
			productName = "Combine Tutorial";
			productReference = F656527527C81D7600160206 /* Combine Tutorial.app */;
			productType = "com.apple.product-type.application";
		};
/* End PBXNativeTarget section */

/* Begin PBXProject section */
		F656526D27C81D7600160206 /* Project object */ = {
			isa = PBXProject;
			attributes = {
				BuildIndependentTargetsInParallel = 1;
				LastSwiftUpdateCheck = 1320;
				LastUpgradeCheck = 1320;
				TargetAttributes = {
					F656527427C81D7600160206 = {
						CreatedOnToolsVersion = 13.2.1;
					};
				};
			};
			buildConfigurationList = F656527027C81D7600160206 /* Build configuration list for PBXProject "Combine Tutorial" */;
			compatibilityVersion = "Xcode 13.0";
			developmentRegion = en;
			hasScannedForEncodings = 0;
			knownRegions = (
				en,
				Base,
			);
			mainGroup = F656526C27C81D7600160206;
			productRefGroup = F656527627C81D7600160206 /* Products */;
			projectDirPath = "";
			projectRoot = "";
			targets = (
				F656527427C81D7600160206 /* Combine Tutorial */,
			);
		};
/* End PBXProject section */

/* Begin PBXResourcesBuildPhase section */
		F656527327C81D7600160206 /* Resources */ = {
			isa = PBXResourcesBuildPhase;
			buildActionMask = 2147483647;
			files = (
				F656528527C81D7900160206 /* LaunchScreen.storyboard in Resources */,
				F656528227C81D7900160206 /* Assets.xcassets in Resources */,
				F656528027C81D7600160206 /* Main.storyboard in Resources */,
			);
			runOnlyForDeploymentPostprocessing = 0;
		};
/* End PBXResourcesBuildPhase section */

/* Begin PBXSourcesBuildPhase section */
		F656527127C81D7600160206 /* Sources */ = {
			isa = PBXSourcesBuildPhase;
			buildActionMask = 2147483647;
			files = (
				F656527D27C81D7600160206 /* ViewController.swift in Sources */,
				F656527927C81D7600160206 /* AppDelegate.swift in Sources */,
				F6C9738927C995540018F756 /* Repository.swift in Sources */,
				F6C9738427C98EF30018F756 /* NetworkManager.swift in Sources */,
				F6C9738727C98FFA0018F756 /* Post.swift in Sources */,
				F656527B27C81D7600160206 /* SceneDelegate.swift in Sources */,
				F656529527C8269100160206 /* MainViewModel.swift in Sources */,
			);
			runOnlyForDeploymentPostprocessing = 0;
		};
/* End PBXSourcesBuildPhase section */

/* Begin PBXVariantGroup section */
		F656527E27C81D7600160206 /* Main.storyboard */ = {
			isa = PBXVariantGroup;
			children = (
				F656527F27C81D7600160206 /* Base */,
			);
			name = Main.storyboard;
			sourceTree = "<group>";
		};
		F656528327C81D7900160206 /* LaunchScreen.storyboard */ = {
			isa = PBXVariantGroup;
			children = (
				F656528427C81D7900160206 /* Base */,
			);
			name = LaunchScreen.storyboard;
			sourceTree = "<group>";
		};
/* End PBXVariantGroup section */

/* Begin XCBuildConfiguration section */
		F656528727C81D7900160206 /* Debug */ = {
			isa = XCBuildConfiguration;
			buildSettings = {
				ALWAYS_SEARCH_USER_PATHS = NO;
				CLANG_ANALYZER_NONNULL = YES;
				CLANG_ANALYZER_NUMBER_OBJECT_CONVERSION = YES_AGGRESSIVE;
				CLANG_CXX_LANGUAGE_STANDARD = "gnu++17";
				CLANG_CXX_LIBRARY = "libc++";
				CLANG_ENABLE_MODULES = YES;
				CLANG_ENABLE_OBJC_ARC = YES;
				CLANG_ENABLE_OBJC_WEAK = YES;
				CLANG_WARN_BLOCK_CAPTURE_AUTORELEASING = YES;
				CLANG_WARN_BOOL_CONVERSION = YES;
				CLANG_WARN_COMMA = YES;
				CLANG_WARN_CONSTANT_CONVERSION = YES;
				CLANG_WARN_DEPRECATED_OBJC_IMPLEMENTATIONS = YES;
				CLANG_WARN_DIRECT_OBJC_ISA_USAGE = YES_ERROR;
				CLANG_WARN_DOCUMENTATION_COMMENTS = YES;
				CLANG_WARN_EMPTY_BODY = YES;
				CLANG_WARN_ENUM_CONVERSION = YES;
				CLANG_WARN_INFINITE_RECURSION = YES;
				CLANG_WARN_INT_CONVERSION = YES;
				CLANG_WARN_NON_LITERAL_NULL_CONVERSION = YES;
				CLANG_WARN_OBJC_IMPLICIT_RETAIN_SELF = YES;
				CLANG_WARN_OBJC_LITERAL_CONVERSION = YES;
				CLANG_WARN_OBJC_ROOT_CLASS = YES_ERROR;
				CLANG_WARN_QUOTED_INCLUDE_IN_FRAMEWORK_HEADER = YES;
				CLANG_WARN_RANGE_LOOP_ANALYSIS = YES;
				CLANG_WARN_STRICT_PROTOTYPES = YES;
				CLANG_WARN_SUSPICIOUS_MOVE = YES;
				CLANG_WARN_UNGUARDED_AVAILABILITY = YES_AGGRESSIVE;
				CLANG_WARN_UNREACHABLE_CODE = YES;
				CLANG_WARN__DUPLICATE_METHOD_MATCH = YES;
				COPY_PHASE_STRIP = NO;
				DEBUG_INFORMATION_FORMAT = dwarf;
				ENABLE_STRICT_OBJC_MSGSEND = YES;
				ENABLE_TESTABILITY = YES;
				GCC_C_LANGUAGE_STANDARD = gnu11;
				GCC_DYNAMIC_NO_PIC = NO;
				GCC_NO_COMMON_BLOCKS = YES;
				GCC_OPTIMIZATION_LEVEL = 0;
				GCC_PREPROCESSOR_DEFINITIONS = (
					"DEBUG=1",
					"$(inherited)",
				);
				GCC_WARN_64_TO_32_BIT_CONVERSION = YES;
				GCC_WARN_ABOUT_RETURN_TYPE = YES_ERROR;
				GCC_WARN_UNDECLARED_SELECTOR = YES;
				GCC_WARN_UNINITIALIZED_AUTOS = YES_AGGRESSIVE;
				GCC_WARN_UNUSED_FUNCTION = YES;
				GCC_WARN_UNUSED_VARIABLE = YES;
				IPHONEOS_DEPLOYMENT_TARGET = 15.2;
				MTL_ENABLE_DEBUG_INFO = INCLUDE_SOURCE;
				MTL_FAST_MATH = YES;
				ONLY_ACTIVE_ARCH = YES;
				SDKROOT = iphoneos;
				SWIFT_ACTIVE_COMPILATION_CONDITIONS = DEBUG;
				SWIFT_OPTIMIZATION_LEVEL = "-Onone";
			};
			name = Debug;
		};
		F656528827C81D7900160206 /* Release */ = {
			isa = XCBuildConfiguration;
			buildSettings = {
				ALWAYS_SEARCH_USER_PATHS = NO;
				CLANG_ANALYZER_NONNULL = YES;
				CLANG_ANALYZER_NUMBER_OBJECT_CONVERSION = YES_AGGRESSIVE;
				CLANG_CXX_LANGUAGE_STANDARD = "gnu++17";
				CLANG_CXX_LIBRARY = "libc++";
				CLANG_ENABLE_MODULES = YES;
				CLANG_ENABLE_OBJC_ARC = YES;
				CLANG_ENABLE_OBJC_WEAK = YES;
				CLANG_WARN_BLOCK_CAPTURE_AUTORELEASING = YES;
				CLANG_WARN_BOOL_CONVERSION = YES;
				CLANG_WARN_COMMA = YES;
				CLANG_WARN_CONSTANT_CONVERSION = YES;
				CLANG_WARN_DEPRECATED_OBJC_IMPLEMENTATIONS = YES;
				CLANG_WARN_DIRECT_OBJC_ISA_USAGE = YES_ERROR;
				CLANG_WARN_DOCUMENTATION_COMMENTS = YES;
				CLANG_WARN_EMPTY_BODY = YES;
				CLANG_WARN_ENUM_CONVERSION = YES;
				CLANG_WARN_INFINITE_RECURSION = YES;
				CLANG_WARN_INT_CONVERSION = YES;
				CLANG_WARN_NON_LITERAL_NULL_CONVERSION = YES;
				CLANG_WARN_OBJC_IMPLICIT_RETAIN_SELF = YES;
				CLANG_WARN_OBJC_LITERAL_CONVERSION = YES;
				CLANG_WARN_OBJC_ROOT_CLASS = YES_ERROR;
				CLANG_WARN_QUOTED_INCLUDE_IN_FRAMEWORK_HEADER = YES;
				CLANG_WARN_RANGE_LOOP_ANALYSIS = YES;
				CLANG_WARN_STRICT_PROTOTYPES = YES;
				CLANG_WARN_SUSPICIOUS_MOVE = YES;
				CLANG_WARN_UNGUARDED_AVAILABILITY = YES_AGGRESSIVE;
				CLANG_WARN_UNREACHABLE_CODE = YES;
				CLANG_WARN__DUPLICATE_METHOD_MATCH = YES;
				COPY_PHASE_STRIP = NO;
				DEBUG_INFORMATION_FORMAT = "dwarf-with-dsym";
				ENABLE_NS_ASSERTIONS = NO;
				ENABLE_STRICT_OBJC_MSGSEND = YES;
				GCC_C_LANGUAGE_STANDARD = gnu11;
				GCC_NO_COMMON_BLOCKS = YES;
				GCC_WARN_64_TO_32_BIT_CONVERSION = YES;
				GCC_WARN_ABOUT_RETURN_TYPE = YES_ERROR;
				GCC_WARN_UNDECLARED_SELECTOR = YES;
				GCC_WARN_UNINITIALIZED_AUTOS = YES_AGGRESSIVE;
				GCC_WARN_UNUSED_FUNCTION = YES;
				GCC_WARN_UNUSED_VARIABLE = YES;
				IPHONEOS_DEPLOYMENT_TARGET = 15.2;
				MTL_ENABLE_DEBUG_INFO = NO;
				MTL_FAST_MATH = YES;
				SDKROOT = iphoneos;
				SWIFT_COMPILATION_MODE = wholemodule;
				SWIFT_OPTIMIZATION_LEVEL = "-O";
				VALIDATE_PRODUCT = YES;
			};
			name = Release;
		};
		F656528A27C81D7900160206 /* Debug */ = {
			isa = XCBuildConfiguration;
			buildSettings = {
				ASSETCATALOG_COMPILER_APPICON_NAME = AppIcon;
				ASSETCATALOG_COMPILER_GLOBAL_ACCENT_COLOR_NAME = AccentColor;
				CODE_SIGN_STYLE = Automatic;
				CURRENT_PROJECT_VERSION = 1;
				DEVELOPMENT_TEAM = TTD98URGJH;
				GENERATE_INFOPLIST_FILE = YES;
				INFOPLIST_FILE = "Combine Tutorial/Info.plist";
				INFOPLIST_KEY_UIApplicationSupportsIndirectInputEvents = YES;
				INFOPLIST_KEY_UILaunchStoryboardName = LaunchScreen;
				INFOPLIST_KEY_UIMainStoryboardFile = Main;
				INFOPLIST_KEY_UISupportedInterfaceOrientations_iPad = "UIInterfaceOrientationPortrait UIInterfaceOrientationPortraitUpsideDown UIInterfaceOrientationLandscapeLeft UIInterfaceOrientationLandscapeRight";
				INFOPLIST_KEY_UISupportedInterfaceOrientations_iPhone = "UIInterfaceOrientationPortrait UIInterfaceOrientationLandscapeLeft UIInterfaceOrientationLandscapeRight";
				LD_RUNPATH_SEARCH_PATHS = (
					"$(inherited)",
					"@executable_path/Frameworks",
				);
				MARKETING_VERSION = 1.0;
				PRODUCT_BUNDLE_IDENTIFIER = "com.SwiftNinja.Combine-Tutorial";
				PRODUCT_NAME = "$(TARGET_NAME)";
				SWIFT_EMIT_LOC_STRINGS = YES;
				SWIFT_VERSION = 5.0;
				TARGETED_DEVICE_FAMILY = "1,2";
			};
			name = Debug;
		};
		F656528B27C81D7900160206 /* Release */ = {
			isa = XCBuildConfiguration;
			buildSettings = {
				ASSETCATALOG_COMPILER_APPICON_NAME = AppIcon;
				ASSETCATALOG_COMPILER_GLOBAL_ACCENT_COLOR_NAME = AccentColor;
				CODE_SIGN_STYLE = Automatic;
				CURRENT_PROJECT_VERSION = 1;
				DEVELOPMENT_TEAM = TTD98URGJH;
				GENERATE_INFOPLIST_FILE = YES;
				INFOPLIST_FILE = "Combine Tutorial/Info.plist";
				INFOPLIST_KEY_UIApplicationSupportsIndirectInputEvents = YES;
				INFOPLIST_KEY_UILaunchStoryboardName = LaunchScreen;
				INFOPLIST_KEY_UIMainStoryboardFile = Main;
				INFOPLIST_KEY_UISupportedInterfaceOrientations_iPad = "UIInterfaceOrientationPortrait UIInterfaceOrientationPortraitUpsideDown UIInterfaceOrientationLandscapeLeft UIInterfaceOrientationLandscapeRight";
				INFOPLIST_KEY_UISupportedInterfaceOrientations_iPhone = "UIInterfaceOrientationPortrait UIInterfaceOrientationLandscapeLeft UIInterfaceOrientationLandscapeRight";
				LD_RUNPATH_SEARCH_PATHS = (
					"$(inherited)",
					"@executable_path/Frameworks",
				);
				MARKETING_VERSION = 1.0;
				PRODUCT_BUNDLE_IDENTIFIER = "com.SwiftNinja.Combine-Tutorial";
				PRODUCT_NAME = "$(TARGET_NAME)";
				SWIFT_EMIT_LOC_STRINGS = YES;
				SWIFT_VERSION = 5.0;
				TARGETED_DEVICE_FAMILY = "1,2";
			};
			name = Release;
		};
/* End XCBuildConfiguration section */

/* Begin XCConfigurationList section */
		F656527027C81D7600160206 /* Build configuration list for PBXProject "Combine Tutorial" */ = {
			isa = XCConfigurationList;
			buildConfigurations = (
				F656528727C81D7900160206 /* Debug */,
				F656528827C81D7900160206 /* Release */,
			);
			defaultConfigurationIsVisible = 0;
			defaultConfigurationName = Release;
		};
		F656528927C81D7900160206 /* Build configuration list for PBXNativeTarget "Combine Tutorial" */ = {
			isa = XCConfigurationList;
			buildConfigurations = (
				F656528A27C81D7900160206 /* Debug */,
				F656528B27C81D7900160206 /* Release */,
			);
			defaultConfigurationIsVisible = 0;
			defaultConfigurationName = Release;
		};
/* End XCConfigurationList section */
	};
	rootObject = F656526D27C81D7600160206 /* Project object */;
}
